
Microsoft Visual Studio Solution File, Format Version 12.00
# Visual Studio Version 17
VisualStudioVersion = 17.5.33530.505
MinimumVisualStudioVersion = 10.0.40219.1
Project("{FAE04EC0-301F-11D3-BF4B-00C04F79EFBC}") = "King_CourseProject_Part2", "King_CourseProject_Part2.csproj", "{7785BCC4-CE3D-4582-9B75-E49081BD4D3E}"
EndProject
Global
	GlobalSection(SolutionConfigurationPlatforms) = preSolution
		Debug|Any CPU = Debug|Any CPU
		Release|Any CPU = Release|Any CPU
	EndGlobalSection
	GlobalSection(ProjectConfigurationPlatforms) = postSolution
		{7785BCC4-CE3D-4582-9B75-E49081BD4D3E}.Debug|Any CPU.ActiveCfg = Debug|Any CPU
		{7785BCC4-CE3D-4582-9B75-E49081BD4D3E}.Debug|Any CPU.Build.0 = Debug|Any CPU
		{7785BCC4-CE3D-4582-9B75-E49081BD4D3E}.Release|Any CPU.ActiveCfg = Release|Any CPU
		{7785BCC4-CE3D-4582-9B75-E49081BD4D3E}.Release|Any CPU.Build.0 = Release|Any CPU
	EndGlobalSection
	GlobalSection(SolutionProperties) = preSolution
		HideSolutionNode = FALSE
	EndGlobalSection
	GlobalSection(ExtensibilityGlobals) = postSolution
		SolutionGuid = {1CE8359C-304C-4BBF-BFF6-7F948BFF676B}
	EndGlobalSection
EndGlobal
